// !$*UTF8*$!
{
	archiveVersion = 1;
	classes = {
	};
	objectVersion = 48;
	objects = {

/* Begin PBXBuildFile section */
		9814D2231FF3ACB700282380 /* ModalPostViewController.swift in Sources */ = {isa = PBXBuildFile; fileRef = 9814D2221FF3ACB700282380 /* ModalPostViewController.swift */; };
		981A5CFF1FF7CB32006FE742 /* CoreDataStack.swift in Sources */ = {isa = PBXBuildFile; fileRef = 981A5CFE1FF7CB32006FE742 /* CoreDataStack.swift */; };
		981A5D021FF7D421006FE742 /* News.swift in Sources */ = {isa = PBXBuildFile; fileRef = 981A5D011FF7D421006FE742 /* News.swift */; };
		981B63741FF66CE7002C67BF /* Extentions.swift in Sources */ = {isa = PBXBuildFile; fileRef = 981B63731FF66CE7002C67BF /* Extentions.swift */; };
		9852D4E61FF24CB900767007 /* AppDelegate.swift in Sources */ = {isa = PBXBuildFile; fileRef = 9852D4E51FF24CB900767007 /* AppDelegate.swift */; };
		9852D4E81FF24CB900767007 /* MainViewController.swift in Sources */ = {isa = PBXBuildFile; fileRef = 9852D4E71FF24CB900767007 /* MainViewController.swift */; };
		9852D4EB1FF24CB900767007 /* Main.storyboard in Resources */ = {isa = PBXBuildFile; fileRef = 9852D4E91FF24CB900767007 /* Main.storyboard */; };
		9852D4EE1FF24CB900767007 /* Tinkoff_News.xcdatamodeld in Sources */ = {isa = PBXBuildFile; fileRef = 9852D4EC1FF24CB900767007 /* Tinkoff_News.xcdatamodeld */; };
		9852D4F01FF24CB900767007 /* Assets.xcassets in Resources */ = {isa = PBXBuildFile; fileRef = 9852D4EF1FF24CB900767007 /* Assets.xcassets */; };
		9852D4F31FF24CB900767007 /* LaunchScreen.storyboard in Resources */ = {isa = PBXBuildFile; fileRef = 9852D4F11FF24CB900767007 /* LaunchScreen.storyboard */; };
		9852D4FD1FF24FAD00767007 /* Radomir Tinkov - Gilroy-ExtraBold.otf in Resources */ = {isa = PBXBuildFile; fileRef = 9852D4FB1FF24F8100767007 /* Radomir Tinkov - Gilroy-ExtraBold.otf */; };
		9852D4FE1FF24FAD00767007 /* Radomir Tinkov - Gilroy-Light.otf in Resources */ = {isa = PBXBuildFile; fileRef = 9852D4FC1FF24F8100767007 /* Radomir Tinkov - Gilroy-Light.otf */; };
		9852D5011FF29DCF00767007 /* CustomNewsTableViewCellStyle.swift in Sources */ = {isa = PBXBuildFile; fileRef = 9852D5001FF29DCF00767007 /* CustomNewsTableViewCellStyle.swift */; };
		9852D5031FF29E0F00767007 /* Requests.swift in Sources */ = {isa = PBXBuildFile; fileRef = 9852D5021FF29E0F00767007 /* Requests.swift */; };
		9852D5051FF29FF800767007 /* MediaAsset.xcassets in Resources */ = {isa = PBXBuildFile; fileRef = 9852D5041FF29FF800767007 /* MediaAsset.xcassets */; };
		9852D5071FF2A5ED00767007 /* NewsListParser.swift in Sources */ = {isa = PBXBuildFile; fileRef = 9852D5061FF2A5ED00767007 /* NewsListParser.swift */; };
		9852D5091FF2A94C00767007 /* SinglePostParser.swift in Sources */ = {isa = PBXBuildFile; fileRef = 9852D5081FF2A94C00767007 /* SinglePostParser.swift */; };
		9852D50B1FF2B29500767007 /* RequestFactory.swift in Sources */ = {isa = PBXBuildFile; fileRef = 9852D50A1FF2B29500767007 /* RequestFactory.swift */; };
		9852D50E1FF2B8F600767007 /* CustomNewsTableViewCellData.swift in Sources */ = {isa = PBXBuildFile; fileRef = 9852D50D1FF2B8F600767007 /* CustomNewsTableViewCellData.swift */; };
		9852D5101FF2E57400767007 /* RequestSender.swift in Sources */ = {isa = PBXBuildFile; fileRef = 9852D50F1FF2E57400767007 /* RequestSender.swift */; };
/* End PBXBuildFile section */

/* Begin PBXFileReference section */
		9814D2221FF3ACB700282380 /* ModalPostViewController.swift */ = {isa = PBXFileReference; lastKnownFileType = sourcecode.swift; path = ModalPostViewController.swift; sourceTree = "<group>"; };
		981A5CFE1FF7CB32006FE742 /* CoreDataStack.swift */ = {isa = PBXFileReference; lastKnownFileType = sourcecode.swift; path = CoreDataStack.swift; sourceTree = "<group>"; };
		981A5D011FF7D421006FE742 /* News.swift */ = {isa = PBXFileReference; lastKnownFileType = sourcecode.swift; path = News.swift; sourceTree = "<group>"; };
		981B63731FF66CE7002C67BF /* Extentions.swift */ = {isa = PBXFileReference; lastKnownFileType = sourcecode.swift; path = Extentions.swift; sourceTree = "<group>"; };
		9852D4E21FF24CB900767007 /* Tinkoff News.app */ = {isa = PBXFileReference; explicitFileType = wrapper.application; includeInIndex = 0; path = "Tinkoff News.app"; sourceTree = BUILT_PRODUCTS_DIR; };
		9852D4E51FF24CB900767007 /* AppDelegate.swift */ = {isa = PBXFileReference; lastKnownFileType = sourcecode.swift; path = AppDelegate.swift; sourceTree = "<group>"; };
		9852D4E71FF24CB900767007 /* MainViewController.swift */ = {isa = PBXFileReference; lastKnownFileType = sourcecode.swift; path = MainViewController.swift; sourceTree = "<group>"; };
		9852D4EA1FF24CB900767007 /* Base */ = {isa = PBXFileReference; lastKnownFileType = file.storyboard; name = Base; path = Base.lproj/Main.storyboard; sourceTree = "<group>"; };
		9852D4ED1FF24CB900767007 /* Tinkoff_News.xcdatamodel */ = {isa = PBXFileReference; lastKnownFileType = wrapper.xcdatamodel; path = Tinkoff_News.xcdatamodel; sourceTree = "<group>"; };
		9852D4EF1FF24CB900767007 /* Assets.xcassets */ = {isa = PBXFileReference; lastKnownFileType = folder.assetcatalog; path = Assets.xcassets; sourceTree = "<group>"; };
		9852D4F21FF24CB900767007 /* Base */ = {isa = PBXFileReference; lastKnownFileType = file.storyboard; name = Base; path = Base.lproj/LaunchScreen.storyboard; sourceTree = "<group>"; };
		9852D4F41FF24CB900767007 /* Info.plist */ = {isa = PBXFileReference; lastKnownFileType = text.plist.xml; path = Info.plist; sourceTree = "<group>"; };
		9852D4FB1FF24F8100767007 /* Radomir Tinkov - Gilroy-ExtraBold.otf */ = {isa = PBXFileReference; lastKnownFileType = file; path = "Radomir Tinkov - Gilroy-ExtraBold.otf"; sourceTree = "<group>"; };
		9852D4FC1FF24F8100767007 /* Radomir Tinkov - Gilroy-Light.otf */ = {isa = PBXFileReference; lastKnownFileType = file; path = "Radomir Tinkov - Gilroy-Light.otf"; sourceTree = "<group>"; };
		9852D5001FF29DCF00767007 /* CustomNewsTableViewCellStyle.swift */ = {isa = PBXFileReference; lastKnownFileType = sourcecode.swift; path = CustomNewsTableViewCellStyle.swift; sourceTree = "<group>"; };
		9852D5021FF29E0F00767007 /* Requests.swift */ = {isa = PBXFileReference; lastKnownFileType = sourcecode.swift; path = Requests.swift; sourceTree = "<group>"; };
		9852D5041FF29FF800767007 /* MediaAsset.xcassets */ = {isa = PBXFileReference; lastKnownFileType = folder.assetcatalog; path = MediaAsset.xcassets; sourceTree = "<group>"; };
		9852D5061FF2A5ED00767007 /* NewsListParser.swift */ = {isa = PBXFileReference; lastKnownFileType = sourcecode.swift; path = NewsListParser.swift; sourceTree = "<group>"; };
		9852D5081FF2A94C00767007 /* SinglePostParser.swift */ = {isa = PBXFileReference; lastKnownFileType = sourcecode.swift; path = SinglePostParser.swift; sourceTree = "<group>"; };
		9852D50A1FF2B29500767007 /* RequestFactory.swift */ = {isa = PBXFileReference; lastKnownFileType = sourcecode.swift; path = RequestFactory.swift; sourceTree = "<group>"; };
		9852D50D1FF2B8F600767007 /* CustomNewsTableViewCellData.swift */ = {isa = PBXFileReference; lastKnownFileType = sourcecode.swift; path = CustomNewsTableViewCellData.swift; sourceTree = "<group>"; };
		9852D50F1FF2E57400767007 /* RequestSender.swift */ = {isa = PBXFileReference; lastKnownFileType = sourcecode.swift; path = RequestSender.swift; sourceTree = "<group>"; };
/* End PBXFileReference section */

/* Begin PBXFrameworksBuildPhase section */
		9852D4DF1FF24CB900767007 /* Frameworks */ = {
			isa = PBXFrameworksBuildPhase;
			buildActionMask = 2147483647;
			files = (
			);
			runOnlyForDeploymentPostprocessing = 0;
		};
/* End PBXFrameworksBuildPhase section */

/* Begin PBXGroup section */
		981A5CFD1FF7CB0C006FE742 /* Core Data */ = {
			isa = PBXGroup;
			children = (
				981A5D001FF7CD53006FE742 /* Models */,
				981A5CFE1FF7CB32006FE742 /* CoreDataStack.swift */,
			);
			path = "Core Data";
			sourceTree = "<group>";
		};
		981A5D001FF7CD53006FE742 /* Models */ = {
			isa = PBXGroup;
			children = (
				981A5D011FF7D421006FE742 /* News.swift */,
			);
			path = Models;
			sourceTree = "<group>";
		};
		981B63751FF66CF2002C67BF /* PostView */ = {
			isa = PBXGroup;
			children = (
				9814D2221FF3ACB700282380 /* ModalPostViewController.swift */,
			);
			path = PostView;
			sourceTree = "<group>";
		};
		9852D4D91FF24CB900767007 = {
			isa = PBXGroup;
			children = (
				9852D4E41FF24CB900767007 /* Tinkoff News */,
				9852D4E31FF24CB900767007 /* Products */,
			);
			sourceTree = "<group>";
		};
		9852D4E31FF24CB900767007 /* Products */ = {
			isa = PBXGroup;
			children = (
				9852D4E21FF24CB900767007 /* Tinkoff News.app */,
			);
			name = Products;
			sourceTree = "<group>";
		};
		9852D4E41FF24CB900767007 /* Tinkoff News */ = {
			isa = PBXGroup;
			children = (
				9852D50C1FF2B8D700767007 /* NewsListView */,
				981B63751FF66CF2002C67BF /* PostView */,
				9852D4FF1FF29D8400767007 /* Network */,
				981A5CFD1FF7CB0C006FE742 /* Core Data */,
				9852D4FA1FF24F1900767007 /* Resourses */,
				9852D4E51FF24CB900767007 /* AppDelegate.swift */,
				981B63731FF66CE7002C67BF /* Extentions.swift */,
				9852D4E91FF24CB900767007 /* Main.storyboard */,
				9852D4EF1FF24CB900767007 /* Assets.xcassets */,
				9852D5041FF29FF800767007 /* MediaAsset.xcassets */,
				9852D4F11FF24CB900767007 /* LaunchScreen.storyboard */,
				9852D4F41FF24CB900767007 /* Info.plist */,
				9852D4EC1FF24CB900767007 /* Tinkoff_News.xcdatamodeld */,
			);
			path = "Tinkoff News";
			sourceTree = "<group>";
		};
		9852D4FA1FF24F1900767007 /* Resourses */ = {
			isa = PBXGroup;
			children = (
				9852D4FB1FF24F8100767007 /* Radomir Tinkov - Gilroy-ExtraBold.otf */,
				9852D4FC1FF24F8100767007 /* Radomir Tinkov - Gilroy-Light.otf */,
			);
			path = Resourses;
			sourceTree = "<group>";
		};
		9852D4FF1FF29D8400767007 /* Network */ = {
			isa = PBXGroup;
			children = (
				9852D5021FF29E0F00767007 /* Requests.swift */,
				9852D5061FF2A5ED00767007 /* NewsListParser.swift */,
				9852D5081FF2A94C00767007 /* SinglePostParser.swift */,
				9852D50A1FF2B29500767007 /* RequestFactory.swift */,
				9852D50F1FF2E57400767007 /* RequestSender.swift */,
			);
			path = Network;
			sourceTree = "<group>";
		};
		9852D50C1FF2B8D700767007 /* NewsListView */ = {
			isa = PBXGroup;
			children = (
				9852D4E71FF24CB900767007 /* MainViewController.swift */,
				9852D50D1FF2B8F600767007 /* CustomNewsTableViewCellData.swift */,
				9852D5001FF29DCF00767007 /* CustomNewsTableViewCellStyle.swift */,
			);
			path = NewsListView;
			sourceTree = "<group>";
		};
/* End PBXGroup section */

/* Begin PBXNativeTarget section */
		9852D4E11FF24CB900767007 /* Tinkoff News */ = {
			isa = PBXNativeTarget;
			buildConfigurationList = 9852D4F71FF24CB900767007 /* Build configuration list for PBXNativeTarget "Tinkoff News" */;
			buildPhases = (
				9852D4DE1FF24CB900767007 /* Sources */,
				9852D4DF1FF24CB900767007 /* Frameworks */,
				9852D4E01FF24CB900767007 /* Resources */,
			);
			buildRules = (
			);
			dependencies = (
			);
			name = "Tinkoff News";
			productName = "Tinkoff News";
			productReference = 9852D4E21FF24CB900767007 /* Tinkoff News.app */;
			productType = "com.apple.product-type.application";
		};
/* End PBXNativeTarget section */

/* Begin PBXProject section */
		9852D4DA1FF24CB900767007 /* Project object */ = {
			isa = PBXProject;
			attributes = {
				LastSwiftUpdateCheck = 0920;
				LastUpgradeCheck = 0920;
				ORGANIZATIONNAME = SergeyKorobin;
				TargetAttributes = {
					9852D4E11FF24CB900767007 = {
						CreatedOnToolsVersion = 9.2;
						ProvisioningStyle = Automatic;
					};
				};
			};
			buildConfigurationList = 9852D4DD1FF24CB900767007 /* Build configuration list for PBXProject "Tinkoff News" */;
			compatibilityVersion = "Xcode 8.0";
			developmentRegion = en;
			hasScannedForEncodings = 0;
			knownRegions = (
				en,
				Base,
			);
			mainGroup = 9852D4D91FF24CB900767007;
			productRefGroup = 9852D4E31FF24CB900767007 /* Products */;
			projectDirPath = "";
			projectRoot = "";
			targets = (
				9852D4E11FF24CB900767007 /* Tinkoff News */,
			);
		};
/* End PBXProject section */

/* Begin PBXResourcesBuildPhase section */
		9852D4E01FF24CB900767007 /* Resources */ = {
			isa = PBXResourcesBuildPhase;
			buildActionMask = 2147483647;
			files = (
				9852D4FD1FF24FAD00767007 /* Radomir Tinkov - Gilroy-ExtraBold.otf in Resources */,
				9852D4FE1FF24FAD00767007 /* Radomir Tinkov - Gilroy-Light.otf in Resources */,
				9852D4F31FF24CB900767007 /* LaunchScreen.storyboard in Resources */,
				9852D4F01FF24CB900767007 /* Assets.xcassets in Resources */,
				9852D4EB1FF24CB900767007 /* Main.storyboard in Resources */,
				9852D5051FF29FF800767007 /* MediaAsset.xcassets in Resources */,
			);
			runOnlyForDeploymentPostprocessing = 0;
		};
/* End PBXResourcesBuildPhase section */

/* Begin PBXSourcesBuildPhase section */
		9852D4DE1FF24CB900767007 /* Sources */ = {
			isa = PBXSourcesBuildPhase;
			buildActionMask = 2147483647;
			files = (
				9852D50B1FF2B29500767007 /* RequestFactory.swift in Sources */,
				9852D4E81FF24CB900767007 /* MainViewController.swift in Sources */,
				9852D5101FF2E57400767007 /* RequestSender.swift in Sources */,
				9852D4E61FF24CB900767007 /* AppDelegate.swift in Sources */,
				981A5D021FF7D421006FE742 /* News.swift in Sources */,
				9852D4EE1FF24CB900767007 /* Tinkoff_News.xcdatamodeld in Sources */,
				9852D5071FF2A5ED00767007 /* NewsListParser.swift in Sources */,
				981A5CFF1FF7CB32006FE742 /* CoreDataStack.swift in Sources */,
				9852D50E1FF2B8F600767007 /* CustomNewsTableViewCellData.swift in Sources */,
				9814D2231FF3ACB700282380 /* ModalPostViewController.swift in Sources */,
				981B63741FF66CE7002C67BF /* Extentions.swift in Sources */,
				9852D5091FF2A94C00767007 /* SinglePostParser.swift in Sources */,
				9852D5031FF29E0F00767007 /* Requests.swift in Sources */,
				9852D5011FF29DCF00767007 /* CustomNewsTableViewCellStyle.swift in Sources */,
			);
			runOnlyForDeploymentPostprocessing = 0;
		};
/* End PBXSourcesBuildPhase section */

/* Begin PBXVariantGroup section */
		9852D4E91FF24CB900767007 /* Main.storyboard */ = {
			isa = PBXVariantGroup;
			children = (
				9852D4EA1FF24CB900767007 /* Base */,
			);
			name = Main.storyboard;
			sourceTree = "<group>";
		};
		9852D4F11FF24CB900767007 /* LaunchScreen.storyboard */ = {
			isa = PBXVariantGroup;
			children = (
				9852D4F21FF24CB900767007 /* Base */,
			);
			name = LaunchScreen.storyboard;
			sourceTree = "<group>";
		};
/* End PBXVariantGroup section */

/* Begin XCBuildConfiguration section */
		9852D4F51FF24CB900767007 /* Debug */ = {
			isa = XCBuildConfiguration;
			buildSettings = {
				ALWAYS_SEARCH_USER_PATHS = NO;
				CLANG_ANALYZER_NONNULL = YES;
				CLANG_ANALYZER_NUMBER_OBJECT_CONVERSION = YES_AGGRESSIVE;
				CLANG_CXX_LANGUAGE_STANDARD = "gnu++14";
				CLANG_CXX_LIBRARY = "libc++";
				CLANG_ENABLE_MODULES = YES;
				CLANG_ENABLE_OBJC_ARC = YES;
				CLANG_WARN_BLOCK_CAPTURE_AUTORELEASING = YES;
				CLANG_WARN_BOOL_CONVERSION = YES;
				CLANG_WARN_COMMA = YES;
				CLANG_WARN_CONSTANT_CONVERSION = YES;
				CLANG_WARN_DIRECT_OBJC_ISA_USAGE = YES_ERROR;
				CLANG_WARN_DOCUMENTATION_COMMENTS = YES;
				CLANG_WARN_EMPTY_BODY = YES;
				CLANG_WARN_ENUM_CONVERSION = YES;
				CLANG_WARN_INFINITE_RECURSION = YES;
				CLANG_WARN_INT_CONVERSION = YES;
				CLANG_WARN_NON_LITERAL_NULL_CONVERSION = YES;
				CLANG_WARN_OBJC_LITERAL_CONVERSION = YES;
				CLANG_WARN_OBJC_ROOT_CLASS = YES_ERROR;
				CLANG_WARN_RANGE_LOOP_ANALYSIS = YES;
				CLANG_WARN_STRICT_PROTOTYPES = YES;
				CLANG_WARN_SUSPICIOUS_MOVE = YES;
				CLANG_WARN_UNGUARDED_AVAILABILITY = YES_AGGRESSIVE;
				CLANG_WARN_UNREACHABLE_CODE = YES;
				CLANG_WARN__DUPLICATE_METHOD_MATCH = YES;
				CODE_SIGN_IDENTITY = "iPhone Developer";
				COPY_PHASE_STRIP = NO;
				DEBUG_INFORMATION_FORMAT = dwarf;
				ENABLE_STRICT_OBJC_MSGSEND = YES;
				ENABLE_TESTABILITY = YES;
				GCC_C_LANGUAGE_STANDARD = gnu11;
				GCC_DYNAMIC_NO_PIC = NO;
				GCC_NO_COMMON_BLOCKS = YES;
				GCC_OPTIMIZATION_LEVEL = 0;
				GCC_PREPROCESSOR_DEFINITIONS = (
					"DEBUG=1",
					"$(inherited)",
				);
				GCC_WARN_64_TO_32_BIT_CONVERSION = YES;
				GCC_WARN_ABOUT_RETURN_TYPE = YES_ERROR;
				GCC_WARN_UNDECLARED_SELECTOR = YES;
				GCC_WARN_UNINITIALIZED_AUTOS = YES_AGGRESSIVE;
				GCC_WARN_UNUSED_FUNCTION = YES;
				GCC_WARN_UNUSED_VARIABLE = YES;
				IPHONEOS_DEPLOYMENT_TARGET = 11.2;
				MTL_ENABLE_DEBUG_INFO = YES;
				ONLY_ACTIVE_ARCH = YES;
				SDKROOT = iphoneos;
				SWIFT_ACTIVE_COMPILATION_CONDITIONS = DEBUG;
				SWIFT_OPTIMIZATION_LEVEL = "-Onone";
			};
			name = Debug;
		};
		9852D4F61FF24CB900767007 /* Release */ = {
			isa = XCBuildConfiguration;
			buildSettings = {
				ALWAYS_SEARCH_USER_PATHS = NO;
				CLANG_ANALYZER_NONNULL = YES;
				CLANG_ANALYZER_NUMBER_OBJECT_CONVERSION = YES_AGGRESSIVE;
				CLANG_CXX_LANGUAGE_STANDARD = "gnu++14";
				CLANG_CXX_LIBRARY = "libc++";
				CLANG_ENABLE_MODULES = YES;
				CLANG_ENABLE_OBJC_ARC = YES;
				CLANG_WARN_BLOCK_CAPTURE_AUTORELEASING = YES;
				CLANG_WARN_BOOL_CONVERSION = YES;
				CLANG_WARN_COMMA = YES;
				CLANG_WARN_CONSTANT_CONVERSION = YES;
				CLANG_WARN_DIRECT_OBJC_ISA_USAGE = YES_ERROR;
				CLANG_WARN_DOCUMENTATION_COMMENTS = YES;
				CLANG_WARN_EMPTY_BODY = YES;
				CLANG_WARN_ENUM_CONVERSION = YES;
				CLANG_WARN_INFINITE_RECURSION = YES;
				CLANG_WARN_INT_CONVERSION = YES;
				CLANG_WARN_NON_LITERAL_NULL_CONVERSION = YES;
				CLANG_WARN_OBJC_LITERAL_CONVERSION = YES;
				CLANG_WARN_OBJC_ROOT_CLASS = YES_ERROR;
				CLANG_WARN_RANGE_LOOP_ANALYSIS = YES;
				CLANG_WARN_STRICT_PROTOTYPES = YES;
				CLANG_WARN_SUSPICIOUS_MOVE = YES;
				CLANG_WARN_UNGUARDED_AVAILABILITY = YES_AGGRESSIVE;
				CLANG_WARN_UNREACHABLE_CODE = YES;
				CLANG_WARN__DUPLICATE_METHOD_MATCH = YES;
				CODE_SIGN_IDENTITY = "iPhone Developer";
				COPY_PHASE_STRIP = NO;
				DEBUG_INFORMATION_FORMAT = "dwarf-with-dsym";
				ENABLE_NS_ASSERTIONS = NO;
				ENABLE_STRICT_OBJC_MSGSEND = YES;
				GCC_C_LANGUAGE_STANDARD = gnu11;
				GCC_NO_COMMON_BLOCKS = YES;
				GCC_WARN_64_TO_32_BIT_CONVERSION = YES;
				GCC_WARN_ABOUT_RETURN_TYPE = YES_ERROR;
				GCC_WARN_UNDECLARED_SELECTOR = YES;
				GCC_WARN_UNINITIALIZED_AUTOS = YES_AGGRESSIVE;
				GCC_WARN_UNUSED_FUNCTION = YES;
				GCC_WARN_UNUSED_VARIABLE = YES;
				IPHONEOS_DEPLOYMENT_TARGET = 11.2;
				MTL_ENABLE_DEBUG_INFO = NO;
				SDKROOT = iphoneos;
				SWIFT_OPTIMIZATION_LEVEL = "-Owholemodule";
				VALIDATE_PRODUCT = YES;
			};
			name = Release;
		};
		9852D4F81FF24CB900767007 /* Debug */ = {
			isa = XCBuildConfiguration;
			buildSettings = {
				ASSETCATALOG_COMPILER_APPICON_NAME = AppIcon;
				CODE_SIGN_STYLE = Automatic;
				DEVELOPMENT_TEAM = F8LU4P8SUH;
				INFOPLIST_FILE = "Tinkoff News/Info.plist";
				LD_RUNPATH_SEARCH_PATHS = "$(inherited) @executable_path/Frameworks";
				PRODUCT_BUNDLE_IDENTIFIER = "SergeyKorobin.Tinkoff-News";
				PRODUCT_NAME = "$(TARGET_NAME)";
				SWIFT_VERSION = 4.0;
				TARGETED_DEVICE_FAMILY = "1,2";
			};
			name = Debug;
		};
		9852D4F91FF24CB900767007 /* Release */ = {
			isa = XCBuildConfiguration;
			buildSettings = {
				ASSETCATALOG_COMPILER_APPICON_NAME = AppIcon;
				CODE_SIGN_STYLE = Automatic;
				DEVELOPMENT_TEAM = F8LU4P8SUH;
				INFOPLIST_FILE = "Tinkoff News/Info.plist";
				LD_RUNPATH_SEARCH_PATHS = "$(inherited) @executable_path/Frameworks";
				PRODUCT_BUNDLE_IDENTIFIER = "SergeyKorobin.Tinkoff-News";
				PRODUCT_NAME = "$(TARGET_NAME)";
				SWIFT_VERSION = 4.0;
				TARGETED_DEVICE_FAMILY = "1,2";
			};
			name = Release;
		};
/* End XCBuildConfiguration section */

/* Begin XCConfigurationList section */
		9852D4DD1FF24CB900767007 /* Build configuration list for PBXProject "Tinkoff News" */ = {
			isa = XCConfigurationList;
			buildConfigurations = (
				9852D4F51FF24CB900767007 /* Debug */,
				9852D4F61FF24CB900767007 /* Release */,
			);
			defaultConfigurationIsVisible = 0;
			defaultConfigurationName = Release;
		};
		9852D4F71FF24CB900767007 /* Build configuration list for PBXNativeTarget "Tinkoff News" */ = {
			isa = XCConfigurationList;
			buildConfigurations = (
				9852D4F81FF24CB900767007 /* Debug */,
				9852D4F91FF24CB900767007 /* Release */,
			);
			defaultConfigurationIsVisible = 0;
			defaultConfigurationName = Release;
		};
/* End XCConfigurationList section */

/* Begin XCVersionGroup section */
		9852D4EC1FF24CB900767007 /* Tinkoff_News.xcdatamodeld */ = {
			isa = XCVersionGroup;
			children = (
				9852D4ED1FF24CB900767007 /* Tinkoff_News.xcdatamodel */,
			);
			currentVersion = 9852D4ED1FF24CB900767007 /* Tinkoff_News.xcdatamodel */;
			path = Tinkoff_News.xcdatamodeld;
			sourceTree = "<group>";
			versionGroupType = wrapper.xcdatamodel;
		};
/* End XCVersionGroup section */
	};
	rootObject = 9852D4DA1FF24CB900767007 /* Project object */;
}
